
Microsoft Visual Studio Solution File, Format Version 12.00
# Visual Studio Version 17
VisualStudioVersion = 17.14.36623.8 d17.14
MinimumVisualStudioVersion = 10.0.40219.1
Project("{FAE04EC0-301F-11D3-BF4B-00C04F79EFBC}") = "BlogDataLibrary", "BlogDataLibrary\BlogDataLibrary.csproj", "{4817CDCA-213A-487C-843E-50AF4764F98C}"
EndProject
Project("{00D1A9C2-B5F0-4AF3-8072-F6C62B433612}") = "HusnainBlogDB", "HusnainBlogDB\HusnainBlogDB.sqlproj", "{A509A4BA-D40D-4DA5-AD6F-ED4BE8DD36F5}"
EndProject
Project("{FAE04EC0-301F-11D3-BF4B-00C04F79EFBC}") = "BlogTestUI", "BlogTestUI\BlogTestUI.csproj", "{C697E970-1094-4483-81A9-EFF93BB874E4}"
EndProject
Global
	GlobalSection(SolutionConfigurationPlatforms) = preSolution
		Debug|Any CPU = Debug|Any CPU
		Release|Any CPU = Release|Any CPU
	EndGlobalSection
	GlobalSection(ProjectConfigurationPlatforms) = postSolution
		{4817CDCA-213A-487C-843E-50AF4764F98C}.Debug|Any CPU.ActiveCfg = Debug|Any CPU
		{4817CDCA-213A-487C-843E-50AF4764F98C}.Debug|Any CPU.Build.0 = Debug|Any CPU
		{4817CDCA-213A-487C-843E-50AF4764F98C}.Release|Any CPU.ActiveCfg = Release|Any CPU
		{4817CDCA-213A-487C-843E-50AF4764F98C}.Release|Any CPU.Build.0 = Release|Any CPU
		{A509A4BA-D40D-4DA5-AD6F-ED4BE8DD36F5}.Debug|Any CPU.ActiveCfg = Debug|Any CPU
		{A509A4BA-D40D-4DA5-AD6F-ED4BE8DD36F5}.Debug|Any CPU.Build.0 = Debug|Any CPU
		{A509A4BA-D40D-4DA5-AD6F-ED4BE8DD36F5}.Debug|Any CPU.Deploy.0 = Debug|Any CPU
		{A509A4BA-D40D-4DA5-AD6F-ED4BE8DD36F5}.Release|Any CPU.ActiveCfg = Release|Any CPU
		{A509A4BA-D40D-4DA5-AD6F-ED4BE8DD36F5}.Release|Any CPU.Build.0 = Release|Any CPU
		{A509A4BA-D40D-4DA5-AD6F-ED4BE8DD36F5}.Release|Any CPU.Deploy.0 = Release|Any CPU
		{C697E970-1094-4483-81A9-EFF93BB874E4}.Debug|Any CPU.ActiveCfg = Debug|Any CPU
		{C697E970-1094-4483-81A9-EFF93BB874E4}.Debug|Any CPU.Build.0 = Debug|Any CPU
		{C697E970-1094-4483-81A9-EFF93BB874E4}.Release|Any CPU.ActiveCfg = Release|Any CPU
		{C697E970-1094-4483-81A9-EFF93BB874E4}.Release|Any CPU.Build.0 = Release|Any CPU
	EndGlobalSection
	GlobalSection(SolutionProperties) = preSolution
		HideSolutionNode = FALSE
	EndGlobalSection
	GlobalSection(ExtensibilityGlobals) = postSolution
		SolutionGuid = {811163DE-4885-495A-A63F-B8E4E472CC4F}
	EndGlobalSection
EndGlobal
